
Microsoft Visual Studio Solution File, Format Version 12.00
# Visual Studio Version 16
VisualStudioVersion = 16.0.28803.156
MinimumVisualStudioVersion = 10.0.40219.1
Project("{FAE04EC0-301F-11D3-BF4B-00C04F79EFBC}") = "ElNesflis", "ElNetflis\ElNesflis.csproj", "{F939107E-5DD1-4A0D-BDC9-9AC302617CD4}"
EndProject
Project("{FAE04EC0-301F-11D3-BF4B-00C04F79EFBC}") = "Estructuras", "EstructurasFramework\Estructuras.csproj", "{01FE58A5-052B-4E28-B70B-8CEDB2523327}"
EndProject
Global
	GlobalSection(SolutionConfigurationPlatforms) = preSolution
		Debug|Any CPU = Debug|Any CPU
		Release|Any CPU = Release|Any CPU
	EndGlobalSection
	GlobalSection(ProjectConfigurationPlatforms) = postSolution
		{F939107E-5DD1-4A0D-BDC9-9AC302617CD4}.Debug|Any CPU.ActiveCfg = Debug|Any CPU
		{F939107E-5DD1-4A0D-BDC9-9AC302617CD4}.Debug|Any CPU.Build.0 = Debug|Any CPU
		{F939107E-5DD1-4A0D-BDC9-9AC302617CD4}.Release|Any CPU.ActiveCfg = Release|Any CPU
		{F939107E-5DD1-4A0D-BDC9-9AC302617CD4}.Release|Any CPU.Build.0 = Release|Any CPU
		{01FE58A5-052B-4E28-B70B-8CEDB2523327}.Debug|Any CPU.ActiveCfg = Debug|Any CPU
		{01FE58A5-052B-4E28-B70B-8CEDB2523327}.Debug|Any CPU.Build.0 = Debug|Any CPU
		{01FE58A5-052B-4E28-B70B-8CEDB2523327}.Release|Any CPU.ActiveCfg = Release|Any CPU
		{01FE58A5-052B-4E28-B70B-8CEDB2523327}.Release|Any CPU.Build.0 = Release|Any CPU
	EndGlobalSection
	GlobalSection(SolutionProperties) = preSolution
		HideSolutionNode = FALSE
	EndGlobalSection
	GlobalSection(ExtensibilityGlobals) = postSolution
		SolutionGuid = {04AEF43C-A0B6-4E18-8BFC-00FB6048FC6E}
	EndGlobalSection
EndGlobal
